
Microsoft Visual Studio Solution File, Format Version 12.00
# Visual Studio Version 16
VisualStudioVersion = 25.0.1705.3
MinimumVisualStudioVersion = 10.0.40219.1
Project("{FAE04EC0-301F-11D3-BF4B-00C04F79EFBC}") = "Task09", "Task09.csproj", "{03FE85E7-7360-431E-B2E8-5796FF91A487}"
EndProject
Global
	GlobalSection(SolutionConfigurationPlatforms) = preSolution
		Debug|Any CPU = Debug|Any CPU
		Release|Any CPU = Release|Any CPU
	EndGlobalSection
	GlobalSection(ProjectConfigurationPlatforms) = postSolution
		{03FE85E7-7360-431E-B2E8-5796FF91A487}.Debug|Any CPU.ActiveCfg = Debug|Any CPU
		{03FE85E7-7360-431E-B2E8-5796FF91A487}.Debug|Any CPU.Build.0 = Debug|Any CPU
		{03FE85E7-7360-431E-B2E8-5796FF91A487}.Release|Any CPU.ActiveCfg = Release|Any CPU
		{03FE85E7-7360-431E-B2E8-5796FF91A487}.Release|Any CPU.Build.0 = Release|Any CPU
	EndGlobalSection
	GlobalSection(SolutionProperties) = preSolution
		HideSolutionNode = FALSE
	EndGlobalSection
	GlobalSection(ExtensibilityGlobals) = postSolution
		SolutionGuid = {BD607B09-BE11-46BA-A58E-A260F6F48DA1}
	EndGlobalSection
EndGlobal
