
Microsoft Visual Studio Solution File, Format Version 12.00
# Visual Studio Version 16
VisualStudioVersion = 25.0.1705.3
MinimumVisualStudioVersion = 10.0.40219.1
Project("{FAE04EC0-301F-11D3-BF4B-00C04F79EFBC}") = "Task2", "Task2.csproj", "{AD52E929-BBFB-433C-A60C-9A42572A2E32}"
EndProject
Global
	GlobalSection(SolutionConfigurationPlatforms) = preSolution
		Debug|Any CPU = Debug|Any CPU
		Release|Any CPU = Release|Any CPU
	EndGlobalSection
	GlobalSection(ProjectConfigurationPlatforms) = postSolution
		{AD52E929-BBFB-433C-A60C-9A42572A2E32}.Debug|Any CPU.ActiveCfg = Debug|Any CPU
		{AD52E929-BBFB-433C-A60C-9A42572A2E32}.Debug|Any CPU.Build.0 = Debug|Any CPU
		{AD52E929-BBFB-433C-A60C-9A42572A2E32}.Release|Any CPU.ActiveCfg = Release|Any CPU
		{AD52E929-BBFB-433C-A60C-9A42572A2E32}.Release|Any CPU.Build.0 = Release|Any CPU
	EndGlobalSection
	GlobalSection(SolutionProperties) = preSolution
		HideSolutionNode = FALSE
	EndGlobalSection
	GlobalSection(ExtensibilityGlobals) = postSolution
		SolutionGuid = {01F0AC7B-622C-4922-BC5D-AC38CE0659C3}
	EndGlobalSection
EndGlobal
